// !$*UTF8*$!
{
	archiveVersion = 1;
	classes = {
	};
	objectVersion = 77;
	objects = {

/* Begin PBXContainerItemProxy section */
		EF3656EF2FF6F3DA00B07503 /* PBXContainerItemProxy */ = {
			isa = PBXContainerItemProxy;
			containerPortal = EF3656D92FF6F3D700B07503 /* Project object */;
			proxyType = 1;
			remoteGlobalIDString = EF3656E02FF6F3D700B07503;
			remoteInfo = PaperAI;
		};
		EF3656F92FF6F3DA00B07503 /* PBXContainerItemProxy */ = {
			isa = PBXContainerItemProxy;
			containerPortal = EF3656D92FF6F3D700B07503 /* Project object */;
			proxyType = 1;
			remoteGlobalIDString = EF3656E02FF6F3D700B07503;
			remoteInfo = PaperAI;
		};
/* End PBXContainerItemProxy section */

/* Begin PBXFileReference section */
		EF3656E12FF6F3D700B07503 /* PaperAI.app */ = {isa = PBXFileReference; explicitFileType = wrapper.application; includeInIndex = 0; path = PaperAI.app; sourceTree = BUILT_PRODUCTS_DIR; };
		EF3656EE2FF6F3DA00B07503 /* PaperAITests.xctest */ = {isa = PBXFileReference; explicitFileType = wrapper.cfbundle; includeInIndex = 0; path = PaperAITests.xctest; sourceTree = BUILT_PRODUCTS_DIR; };
		EF3656F82FF6F3DA00B07503 /* PaperAIUITests.xctest */ = {isa = PBXFileReference; explicitFileType = wrapper.cfbundle; includeInIndex = 0; path = PaperAIUITests.xctest; sourceTree = BUILT_PRODUCTS_DIR; };
/* End PBXFileReference section */

/* Begin PBXFileSystemSynchronizedRootGroup section */
		EF3656E32FF6F3D700B07503 /* PaperAI */ = {
			isa = PBXFileSystemSynchronizedRootGroup;
			path = PaperAI;
			sourceTree = "<group>";
		};
		EF3656F12FF6F3DA00B07503 /* PaperAITests */ = {
			isa = PBXFileSystemSynchronizedRootGroup;
			path = PaperAITests;
			sourceTree = "<group>";
		};
		EF3656FB2FF6F3DA00B07503 /* PaperAIUITests */ = {
			isa = PBXFileSystemSynchronizedRootGroup;
			path = PaperAIUITests;
			sourceTree = "<group>";
		};
/* End PBXFileSystemSynchronizedRootGroup section */

/* Begin PBXFrameworksBuildPhase section */
		EF3656DE2FF6F3D700B07503 /* Frameworks */ = {
			isa = PBXFrameworksBuildPhase;
			buildActionMask = 2147483647;
			files = (
			);
			runOnlyForDeploymentPostprocessing = 0;
		};
		EF3656EB2FF6F3DA00B07503 /* Frameworks */ = {
			isa = PBXFrameworksBuildPhase;
			buildActionMask = 2147483647;
			files = (
			);
			runOnlyForDeploymentPostprocessing = 0;
		};
		EF3656F52FF6F3DA00B07503 /* Frameworks */ = {
			isa = PBXFrameworksBuildPhase;
			buildActionMask = 2147483647;
			files = (
			);
			runOnlyForDeploymentPostprocessing = 0;
		};
/* End PBXFrameworksBuildPhase section */

/* Begin PBXGroup section */
		EF3656D82FF6F3D700B07503 = {
			isa = PBXGroup;
			children = (
				EF3656E32FF6F3D700B07503 /* PaperAI */,
				EF3656F12FF6F3DA00B07503 /* PaperAITests */,
				EF3656FB2FF6F3DA00B07503 /* PaperAIUITests */,
				EF3656E22FF6F3D700B07503 /* Products */,
			);
			sourceTree = "<group>";
		};
		EF3656E22FF6F3D700B07503 /* Products */ = {
			isa = PBXGroup;
			children = (
				EF3656E12FF6F3D700B07503 /* PaperAI.app */,
				EF3656EE2FF6F3DA00B07503 /* PaperAITests.xctest */,
				EF3656F82FF6F3DA00B07503 /* PaperAIUITests.xctest */,
			);
			name = Products;
			sourceTree = "<group>";
		};
/* End PBXGroup section */

/* Begin PBXNativeTarget section */
		EF3656E02FF6F3D700B07503 /* PaperAI */ = {
			isa = PBXNativeTarget;
			buildConfigurationList = EF3657022FF6F3DA00B07503 /* Build configuration list for PBXNativeTarget "PaperAI" */;
			buildPhases = (
				EF3656DD2FF6F3D700B07503 /* Sources */,
				EF3656DE2FF6F3D700B07503 /* Frameworks */,
				EF3656DF2FF6F3D700B07503 /* Resources */,
			);
			buildRules = (
			);
			dependencies = (
			);
			fileSystemSynchronizedGroups = (
				EF3656E32FF6F3D700B07503 /* PaperAI */,
			);
			name = PaperAI;
			packageProductDependencies = (
			);
			productName = PaperAI;
			productReference = EF3656E12FF6F3D700B07503 /* PaperAI.app */;
			productType = "com.apple.product-type.application";
		};
		EF3656ED2FF6F3DA00B07503 /* PaperAITests */ = {
			isa = PBXNativeTarget;
			buildConfigurationList = EF3657052FF6F3DA00B07503 /* Build configuration list for PBXNativeTarget "PaperAITests" */;
			buildPhases = (
				EF3656EA2FF6F3DA00B07503 /* Sources */,
				EF3656EB2FF6F3DA00B07503 /* Frameworks */,
				EF3656EC2FF6F3DA00B07503 /* Resources */,
			);
			buildRules = (
			);
			dependencies = (
				EF3656F02FF6F3DA00B07503 /* PBXTargetDependency */,
			);
			fileSystemSynchronizedGroups = (
				EF3656F12FF6F3DA00B07503 /* PaperAITests */,
			);
			name = PaperAITests;
			packageProductDependencies = (
			);
			productName = PaperAITests;
			productReference = EF3656EE2FF6F3DA00B07503 /* PaperAITests.xctest */;
			productType = "com.apple.product-type.bundle.unit-test";
		};
		EF3656F72FF6F3DA00B07503 /* PaperAIUITests */ = {
			isa = PBXNativeTarget;
			buildConfigurationList = EF3657082FF6F3DA00B07503 /* Build configuration list for PBXNativeTarget "PaperAIUITests" */;
			buildPhases = (
				EF3656F42FF6F3DA00B07503 /* Sources */,
				EF3656F52FF6F3DA00B07503 /* Frameworks */,
				EF3656F62FF6F3DA00B07503 /* Resources */,
			);
			buildRules = (
			);
			dependencies = (
				EF3656FA2FF6F3DA00B07503 /* PBXTargetDependency */,
			);
			fileSystemSynchronizedGroups = (
				EF3656FB2FF6F3DA00B07503 /* PaperAIUITests */,
			);
			name = PaperAIUITests;
			packageProductDependencies = (
			);
			productName = PaperAIUITests;
			productReference = EF3656F82FF6F3DA00B07503 /* PaperAIUITests.xctest */;
			productType = "com.apple.product-type.bundle.ui-testing";
		};
/* End PBXNativeTarget section */

/* Begin PBXProject section */
		EF3656D92FF6F3D700B07503 /* Project object */ = {
			isa = PBXProject;
			attributes = {
				BuildIndependentTargetsInParallel = 1;
				LastSwiftUpdateCheck = 1640;
				LastUpgradeCheck = 1640;
				TargetAttributes = {
					EF3656E02FF6F3D700B07503 = {
						CreatedOnToolsVersion = 16.4;
					};
					EF3656ED2FF6F3DA00B07503 = {
						CreatedOnToolsVersion = 16.4;
						TestTargetID = EF3656E02FF6F3D700B07503;
					};
					EF3656F72FF6F3DA00B07503 = {
						CreatedOnToolsVersion = 16.4;
						TestTargetID = EF3656E02FF6F3D700B07503;
					};
				};
			};
			buildConfigurationList = EF3656DC2FF6F3D700B07503 /* Build configuration list for PBXProject "PaperAI" */;
			developmentRegion = en;
			hasScannedForEncodings = 0;
			knownRegions = (
				en,
				Base,
			);
			mainGroup = EF3656D82FF6F3D700B07503;
			minimizedProjectReferenceProxies = 1;
			preferredProjectObjectVersion = 77;
			productRefGroup = EF3656E22FF6F3D700B07503 /* Products */;
			projectDirPath = "";
			projectRoot = "";
			targets = (
				EF3656E02FF6F3D700B07503 /* PaperAI */,
				EF3656ED2FF6F3DA00B07503 /* PaperAITests */,
				EF3656F72FF6F3DA00B07503 /* PaperAIUITests */,
			);
		};
/* End PBXProject section */

/* Begin PBXResourcesBuildPhase section */
		EF3656DF2FF6F3D700B07503 /* Resources */ = {
			isa = PBXResourcesBuildPhase;
			buildActionMask = 2147483647;
			files = (
			);
			runOnlyForDeploymentPostprocessing = 0;
		};
		EF3656EC2FF6F3DA00B07503 /* Resources */ = {
			isa = PBXResourcesBuildPhase;
			buildActionMask = 2147483647;
			files = (
			);
			runOnlyForDeploymentPostprocessing = 0;
		};
		EF3656F62FF6F3DA00B07503 /* Resources */ = {
			isa = PBXResourcesBuildPhase;
			buildActionMask = 2147483647;
			files = (
			);
			runOnlyForDeploymentPostprocessing = 0;
		};
/* End PBXResourcesBuildPhase section */

/* Begin PBXSourcesBuildPhase section */
		EF3656DD2FF6F3D700B07503 /* Sources */ = {
			isa = PBXSourcesBuildPhase;
			buildActionMask = 2147483647;
			files = (
			);
			runOnlyForDeploymentPostprocessing = 0;
		};
		EF3656EA2FF6F3DA00B07503 /* Sources */ = {
			isa = PBXSourcesBuildPhase;
			buildActionMask = 2147483647;
			files = (
			);
			runOnlyForDeploymentPostprocessing = 0;
		};
		EF3656F42FF6F3DA00B07503 /* Sources */ = {
			isa = PBXSourcesBuildPhase;
			buildActionMask = 2147483647;
			files = (
			);
			runOnlyForDeploymentPostprocessing = 0;
		};
/* End PBXSourcesBuildPhase section */

/* Begin PBXTargetDependency section */
		EF3656F02FF6F3DA00B07503 /* PBXTargetDependency */ = {
			isa = PBXTargetDependency;
			target = EF3656E02FF6F3D700B07503 /* PaperAI */;
			targetProxy = EF3656EF2FF6F3DA00B07503 /* PBXContainerItemProxy */;
		};
		EF3656FA2FF6F3DA00B07503 /* PBXTargetDependency */ = {
			isa = PBXTargetDependency;
			target = EF3656E02FF6F3D700B07503 /* PaperAI */;
			targetProxy = EF3656F92FF6F3DA00B07503 /* PBXContainerItemProxy */;
		};
/* End PBXTargetDependency section */

/* Begin XCBuildConfiguration section */
		EF3657002FF6F3DA00B07503 /* Debug */ = {
			isa = XCBuildConfiguration;
			buildSettings = {
				ALWAYS_SEARCH_USER_PATHS = NO;
				ASSETCATALOG_COMPILER_GENERATE_SWIFT_ASSET_SYMBOL_EXTENSIONS = YES;
				CLANG_ANALYZER_NONNULL = YES;
				CLANG_ANALYZER_NUMBER_OBJECT_CONVERSION = YES_AGGRESSIVE;
				CLANG_CXX_LANGUAGE_STANDARD = "gnu++20";
				CLANG_ENABLE_MODULES = YES;
				CLANG_ENABLE_OBJC_ARC = YES;
				CLANG_ENABLE_OBJC_WEAK = YES;
				CLANG_WARN_BLOCK_CAPTURE_AUTORELEASING = YES;
				CLANG_WARN_BOOL_CONVERSION = YES;
				CLANG_WARN_COMMA = YES;
				CLANG_WARN_CONSTANT_CONVERSION = YES;
				CLANG_WARN_DEPRECATED_OBJC_IMPLEMENTATIONS = YES;
				CLANG_WARN_DIRECT_OBJC_ISA_USAGE = YES_ERROR;
				CLANG_WARN_DOCUMENTATION_COMMENTS = YES;
				CLANG_WARN_EMPTY_BODY = YES;
				CLANG_WARN_ENUM_CONVERSION = YES;
				CLANG_WARN_INFINITE_RECURSION = YES;
				CLANG_WARN_INT_CONVERSION = YES;
				CLANG_WARN_NON_LITERAL_NULL_CONVERSION = YES;
				CLANG_WARN_OBJC_IMPLICIT_RETAIN_SELF = YES;
				CLANG_WARN_OBJC_LITERAL_CONVERSION = YES;
				CLANG_WARN_OBJC_ROOT_CLASS = YES_ERROR;
				CLANG_WARN_QUOTED_INCLUDE_IN_FRAMEWORK_HEADER = YES;
				CLANG_WARN_RANGE_LOOP_ANALYSIS = YES;
				CLANG_WARN_STRICT_PROTOTYPES = YES;
				CLANG_WARN_SUSPICIOUS_MOVE = YES;
				CLANG_WARN_UNGUARDED_AVAILABILITY = YES_AGGRESSIVE;
				CLANG_WARN_UNREACHABLE_CODE = YES;
				CLANG_WARN__DUPLICATE_METHOD_MATCH = YES;
				COPY_PHASE_STRIP = NO;
				DEBUG_INFORMATION_FORMAT = dwarf;
				DEVELOPMENT_TEAM = AS382BU8QD;
				ENABLE_STRICT_OBJC_MSGSEND = YES;
				ENABLE_TESTABILITY = YES;
				ENABLE_USER_SCRIPT_SANDBOXING = YES;
				GCC_C_LANGUAGE_STANDARD = gnu17;
				GCC_DYNAMIC_NO_PIC = NO;
				GCC_NO_COMMON_BLOCKS = YES;
				GCC_OPTIMIZATION_LEVEL = 0;
				GCC_PREPROCESSOR_DEFINITIONS = (
					"DEBUG=1",
					"$(inherited)",
				);
				GCC_WARN_64_TO_32_BIT_CONVERSION = YES;
				GCC_WARN_ABOUT_RETURN_TYPE = YES_ERROR;
				GCC_WARN_UNDECLARED_SELECTOR = YES;
				GCC_WARN_UNINITIALIZED_AUTOS = YES_AGGRESSIVE;
				GCC_WARN_UNUSED_FUNCTION = YES;
				GCC_WARN_UNUSED_VARIABLE = YES;
				IPHONEOS_DEPLOYMENT_TARGET = 18.5;
				LOCALIZATION_PREFERS_STRING_CATALOGS = YES;
				MTL_ENABLE_DEBUG_INFO = INCLUDE_SOURCE;
				MTL_FAST_MATH = YES;
				ONLY_ACTIVE_ARCH = YES;
				SDKROOT = iphoneos;
				SWIFT_ACTIVE_COMPILATION_CONDITIONS = "DEBUG $(inherited)";
				SWIFT_OPTIMIZATION_LEVEL = "-Onone";
			};
			name = Debug;
		};
		EF3657012FF6F3DA00B07503 /* Release */ = {
			isa = XCBuildConfiguration;
			buildSettings = {
				ALWAYS_SEARCH_USER_PATHS = NO;
				ASSETCATALOG_COMPILER_GENERATE_SWIFT_ASSET_SYMBOL_EXTENSIONS = YES;
				CLANG_ANALYZER_NONNULL = YES;
				CLANG_ANALYZER_NUMBER_OBJECT_CONVERSION = YES_AGGRESSIVE;
				CLANG_CXX_LANGUAGE_STANDARD = "gnu++20";
				CLANG_ENABLE_MODULES = YES;
				CLANG_ENABLE_OBJC_ARC = YES;
				CLANG_ENABLE_OBJC_WEAK = YES;
				CLANG_WARN_BLOCK_CAPTURE_AUTORELEASING = YES;
				CLANG_WARN_BOOL_CONVERSION = YES;
				CLANG_WARN_COMMA = YES;
				CLANG_WARN_CONSTANT_CONVERSION = YES;
				CLANG_WARN_DEPRECATED_OBJC_IMPLEMENTATIONS = YES;
				CLANG_WARN_DIRECT_OBJC_ISA_USAGE = YES_ERROR;
				CLANG_WARN_DOCUMENTATION_COMMENTS = YES;
				CLANG_WARN_EMPTY_BODY = YES;
				CLANG_WARN_ENUM_CONVERSION = YES;
				CLANG_WARN_INFINITE_RECURSION = YES;
				CLANG_WARN_INT_CONVERSION = YES;
				CLANG_WARN_NON_LITERAL_NULL_CONVERSION = YES;
				CLANG_WARN_OBJC_IMPLICIT_RETAIN_SELF = YES;
				CLANG_WARN_OBJC_LITERAL_CONVERSION = YES;
				CLANG_WARN_OBJC_ROOT_CLASS = YES_ERROR;
				CLANG_WARN_QUOTED_INCLUDE_IN_FRAMEWORK_HEADER = YES;
				CLANG_WARN_RANGE_LOOP_ANALYSIS = YES;
				CLANG_WARN_STRICT_PROTOTYPES = YES;
				CLANG_WARN_SUSPICIOUS_MOVE = YES;
				CLANG_WARN_UNGUARDED_AVAILABILITY = YES_AGGRESSIVE;
				CLANG_WARN_UNREACHABLE_CODE = YES;
				CLANG_WARN__DUPLICATE_METHOD_MATCH = YES;
				COPY_PHASE_STRIP = NO;
				DEBUG_INFORMATION_FORMAT = "dwarf-with-dsym";
				DEVELOPMENT_TEAM = AS382BU8QD;
				ENABLE_NS_ASSERTIONS = NO;
				ENABLE_STRICT_OBJC_MSGSEND = YES;
				ENABLE_USER_SCRIPT_SANDBOXING = YES;
				GCC_C_LANGUAGE_STANDARD = gnu17;
				GCC_NO_COMMON_BLOCKS = YES;
				GCC_WARN_64_TO_32_BIT_CONVERSION = YES;
				GCC_WARN_ABOUT_RETURN_TYPE = YES_ERROR;
				GCC_WARN_UNDECLARED_SELECTOR = YES;
				GCC_WARN_UNINITIALIZED_AUTOS = YES_AGGRESSIVE;
				GCC_WARN_UNUSED_FUNCTION = YES;
				GCC_WARN_UNUSED_VARIABLE = YES;
				IPHONEOS_DEPLOYMENT_TARGET = 18.5;
				LOCALIZATION_PREFERS_STRING_CATALOGS = YES;
				MTL_ENABLE_DEBUG_INFO = NO;
				MTL_FAST_MATH = YES;
				SDKROOT = iphoneos;
				SWIFT_COMPILATION_MODE = wholemodule;
				VALIDATE_PRODUCT = YES;
			};
			name = Release;
		};
		EF3657032FF6F3DA00B07503 /* Debug */ = {
			isa = XCBuildConfiguration;
			buildSettings = {
				ASSETCATALOG_COMPILER_APPICON_NAME = AppIcon;
				ASSETCATALOG_COMPILER_GLOBAL_ACCENT_COLOR_NAME = AccentColor;
				CODE_SIGN_STYLE = Automatic;
				CURRENT_PROJECT_VERSION = 1;
				DEVELOPMENT_TEAM = AS382BU8QD;
				ENABLE_PREVIEWS = YES;
				GENERATE_INFOPLIST_FILE = YES;
				INFOPLIST_KEY_UIApplicationSceneManifest_Generation = YES;
				INFOPLIST_KEY_UIApplicationSupportsIndirectInputEvents = YES;
				INFOPLIST_KEY_UILaunchScreen_Generation = YES;
				INFOPLIST_KEY_UISupportedInterfaceOrientations_iPad = "UIInterfaceOrientationPortrait UIInterfaceOrientationPortraitUpsideDown UIInterfaceOrientationLandscapeLeft UIInterfaceOrientationLandscapeRight";
				INFOPLIST_KEY_UISupportedInterfaceOrientations_iPhone = "UIInterfaceOrientationPortrait UIInterfaceOrientationLandscapeLeft UIInterfaceOrientationLandscapeRight";
				LD_RUNPATH_SEARCH_PATHS = (
					"$(inherited)",
					"@executable_path/Frameworks",
				);
				MARKETING_VERSION = 1.0;
				PRODUCT_BUNDLE_IDENTIFIER = ygt.PaperAI;
				PRODUCT_NAME = "$(TARGET_NAME)";
				SWIFT_EMIT_LOC_STRINGS = YES;
				SWIFT_VERSION = 5.0;
				TARGETED_DEVICE_FAMILY = "1,2";
			};
			name = Debug;
		};
		EF3657042FF6F3DA00B07503 /* Release */ = {
			isa = XCBuildConfiguration;
			buildSettings = {
				ASSETCATALOG_COMPILER_APPICON_NAME = AppIcon;
				ASSETCATALOG_COMPILER_GLOBAL_ACCENT_COLOR_NAME = AccentColor;
				CODE_SIGN_STYLE = Automatic;
				CURRENT_PROJECT_VERSION = 1;
				DEVELOPMENT_TEAM = AS382BU8QD;
				ENABLE_PREVIEWS = YES;
				GENERATE_INFOPLIST_FILE = YES;
				INFOPLIST_KEY_UIApplicationSceneManifest_Generation = YES;
				INFOPLIST_KEY_UIApplicationSupportsIndirectInputEvents = YES;
				INFOPLIST_KEY_UILaunchScreen_Generation = YES;
				INFOPLIST_KEY_UISupportedInterfaceOrientations_iPad = "UIInterfaceOrientationPortrait UIInterfaceOrientationPortraitUpsideDown UIInterfaceOrientationLandscapeLeft UIInterfaceOrientationLandscapeRight";
				INFOPLIST_KEY_UISupportedInterfaceOrientations_iPhone = "UIInterfaceOrientationPortrait UIInterfaceOrientationLandscapeLeft UIInterfaceOrientationLandscapeRight";
				LD_RUNPATH_SEARCH_PATHS = (
					"$(inherited)",
					"@executable_path/Frameworks",
				);
				MARKETING_VERSION = 1.0;
				PRODUCT_BUNDLE_IDENTIFIER = ygt.PaperAI;
				PRODUCT_NAME = "$(TARGET_NAME)";
				SWIFT_EMIT_LOC_STRINGS = YES;
				SWIFT_VERSION = 5.0;
				TARGETED_DEVICE_FAMILY = "1,2";
			};
			name = Release;
		};
		EF3657062FF6F3DA00B07503 /* Debug */ = {
			isa = XCBuildConfiguration;
			buildSettings = {
				BUNDLE_LOADER = "$(TEST_HOST)";
				CODE_SIGN_STYLE = Automatic;
				CURRENT_PROJECT_VERSION = 1;
				DEVELOPMENT_TEAM = AS382BU8QD;
				GENERATE_INFOPLIST_FILE = YES;
				IPHONEOS_DEPLOYMENT_TARGET = 18.5;
				MARKETING_VERSION = 1.0;
				PRODUCT_BUNDLE_IDENTIFIER = ygt.PaperAITests;
				PRODUCT_NAME = "$(TARGET_NAME)";
				SWIFT_EMIT_LOC_STRINGS = NO;
				SWIFT_VERSION = 5.0;
				TARGETED_DEVICE_FAMILY = "1,2";
				TEST_HOST = "$(BUILT_PRODUCTS_DIR)/PaperAI.app/$(BUNDLE_EXECUTABLE_FOLDER_PATH)/PaperAI";
			};
			name = Debug;
		};
		EF3657072FF6F3DA00B07503 /* Release */ = {
			isa = XCBuildConfiguration;
			buildSettings = {
				BUNDLE_LOADER = "$(TEST_HOST)";
				CODE_SIGN_STYLE = Automatic;
				CURRENT_PROJECT_VERSION = 1;
				DEVELOPMENT_TEAM = AS382BU8QD;
				GENERATE_INFOPLIST_FILE = YES;
				IPHONEOS_DEPLOYMENT_TARGET = 18.5;
				MARKETING_VERSION = 1.0;
				PRODUCT_BUNDLE_IDENTIFIER = ygt.PaperAITests;
				PRODUCT_NAME = "$(TARGET_NAME)";
				SWIFT_EMIT_LOC_STRINGS = NO;
				SWIFT_VERSION = 5.0;
				TARGETED_DEVICE_FAMILY = "1,2";
				TEST_HOST = "$(BUILT_PRODUCTS_DIR)/PaperAI.app/$(BUNDLE_EXECUTABLE_FOLDER_PATH)/PaperAI";
			};
			name = Release;
		};
		EF3657092FF6F3DA00B07503 /* Debug */ = {
			isa = XCBuildConfiguration;
			buildSettings = {
				CODE_SIGN_STYLE = Automatic;
				CURRENT_PROJECT_VERSION = 1;
				DEVELOPMENT_TEAM = AS382BU8QD;
				GENERATE_INFOPLIST_FILE = YES;
				MARKETING_VERSION = 1.0;
				PRODUCT_BUNDLE_IDENTIFIER = ygt.PaperAIUITests;
				PRODUCT_NAME = "$(TARGET_NAME)";
				SWIFT_EMIT_LOC_STRINGS = NO;
				SWIFT_VERSION = 5.0;
				TARGETED_DEVICE_FAMILY = "1,2";
				TEST_TARGET_NAME = PaperAI;
			};
			name = Debug;
		};
		EF36570A2FF6F3DA00B07503 /* Release */ = {
			isa = XCBuildConfiguration;
			buildSettings = {
				CODE_SIGN_STYLE = Automatic;
				CURRENT_PROJECT_VERSION = 1;
				DEVELOPMENT_TEAM = AS382BU8QD;
				GENERATE_INFOPLIST_FILE = YES;
				MARKETING_VERSION = 1.0;
				PRODUCT_BUNDLE_IDENTIFIER = ygt.PaperAIUITests;
				PRODUCT_NAME = "$(TARGET_NAME)";
				SWIFT_EMIT_LOC_STRINGS = NO;
				SWIFT_VERSION = 5.0;
				TARGETED_DEVICE_FAMILY = "1,2";
				TEST_TARGET_NAME = PaperAI;
			};
			name = Release;
		};
/* End XCBuildConfiguration section */

/* Begin XCConfigurationList section */
		EF3656DC2FF6F3D700B07503 /* Build configuration list for PBXProject "PaperAI" */ = {
			isa = XCConfigurationList;
			buildConfigurations = (
				EF3657002FF6F3DA00B07503 /* Debug */,
				EF3657012FF6F3DA00B07503 /* Release */,
			);
			defaultConfigurationIsVisible = 0;
			defaultConfigurationName = Release;
		};
		EF3657022FF6F3DA00B07503 /* Build configuration list for PBXNativeTarget "PaperAI" */ = {
			isa = XCConfigurationList;
			buildConfigurations = (
				EF3657032FF6F3DA00B07503 /* Debug */,
				EF3657042FF6F3DA00B07503 /* Release */,
			);
			defaultConfigurationIsVisible = 0;
			defaultConfigurationName = Release;
		};
		EF3657052FF6F3DA00B07503 /* Build configuration list for PBXNativeTarget "PaperAITests" */ = {
			isa = XCConfigurationList;
			buildConfigurations = (
				EF3657062FF6F3DA00B07503 /* Debug */,
				EF3657072FF6F3DA00B07503 /* Release */,
			);
			defaultConfigurationIsVisible = 0;
			defaultConfigurationName = Release;
		};
		EF3657082FF6F3DA00B07503 /* Build configuration list for PBXNativeTarget "PaperAIUITests" */ = {
			isa = XCConfigurationList;
			buildConfigurations = (
				EF3657092FF6F3DA00B07503 /* Debug */,
				EF36570A2FF6F3DA00B07503 /* Release */,
			);
			defaultConfigurationIsVisible = 0;
			defaultConfigurationName = Release;
		};
/* End XCConfigurationList section */
	};
	rootObject = EF3656D92FF6F3D700B07503 /* Project object */;
}
